
Microsoft Visual Studio Solution File, Format Version 12.00
# Visual Studio 14
VisualStudioVersion = 14.0.24720.0
MinimumVisualStudioVersion = 10.0.40219.1
Project("{FAE04EC0-301F-11D3-BF4B-00C04F79EFBC}") = "MQTest", "MQTest\MQTest.csproj", "{FD767E0A-D500-4C15-8F81-8FBA1B1C7424}"
EndProject
Project("{FAE04EC0-301F-11D3-BF4B-00C04F79EFBC}") = "MQLib", "MQLib\MQLib.csproj", "{C2EF8AE6-9879-40EF-B2EA-8974FE71EB03}"
EndProject
Project("{FAE04EC0-301F-11D3-BF4B-00C04F79EFBC}") = "MSTestRev", "MSTestRev\MSTestRev.csproj", "{ED572205-433B-4644-A4E5-A188FF879BC8}"
EndProject
Project("{FAE04EC0-301F-11D3-BF4B-00C04F79EFBC}") = "EQueueTest", "EQueueTest\EQueueTest.csproj", "{5E459D7A-60D1-4325-A81C-DB8D35F819AC}"
EndProject
Project("{FAE04EC0-301F-11D3-BF4B-00C04F79EFBC}") = "QuickStart.ConsumerClient", "QuickStart.ConsumerClient\QuickStart.ConsumerClient.csproj", "{274C78DC-F515-423B-94E0-1B481E740036}"
EndProject
Project("{FAE04EC0-301F-11D3-BF4B-00C04F79EFBC}") = "NotifyForm", "NotifyForm\NotifyForm.csproj", "{F5DD748D-4749-4F08-8E81-CDCB07598052}"
EndProject
Project("{FAE04EC0-301F-11D3-BF4B-00C04F79EFBC}") = "SS_S", "SS_S\SS_S.csproj", "{1393B6A8-2100-40F0-B5F8-7FCD2CC3E8A4}"
EndProject
Project("{FAE04EC0-301F-11D3-BF4B-00C04F79EFBC}") = "LXGlass.SocketService", "LXGlass.SocketService\LXGlass.SocketService.csproj", "{0F1E167B-AF7A-4E39-9614-886905DF2D77}"
EndProject
Project("{FAE04EC0-301F-11D3-BF4B-00C04F79EFBC}") = "NotifyLib", "NotifyLib\NotifyLib.csproj", "{637A7CDA-20FE-41F2-AA7D-730204A031C2}"
EndProject
Project("{FAE04EC0-301F-11D3-BF4B-00C04F79EFBC}") = "NotifyServer", "NotifyServer\NotifyServer.csproj", "{78BDABE9-78B2-4C40-AF97-59BD93E2497D}"
EndProject
Project("{FAE04EC0-301F-11D3-BF4B-00C04F79EFBC}") = "EQueueClient", "EQueueClient\EQueueClient.csproj", "{CBA37AA4-A169-4EDB-8528-F3AA465BD6EC}"
	ProjectSection(ProjectDependencies) = postProject
		{B31E203A-0139-4342-BF28-D3B54A400986} = {B31E203A-0139-4342-BF28-D3B54A400986}
	EndProjectSection
EndProject
Project("{FAE04EC0-301F-11D3-BF4B-00C04F79EFBC}") = "NSMC", "NSMC\NSMC.csproj", "{36E1943F-A740-4E00-BC1B-05B5F88196F8}"
EndProject
Project("{2150E333-8FDC-42A3-9474-1A3956D46DE8}") = "ForPublish", "ForPublish", "{D6D9A305-DA7E-4282-8843-F38EFB2D74D6}"
EndProject
Project("{FAE04EC0-301F-11D3-BF4B-00C04F79EFBC}") = "ContractServiceLib.Interface", "ContractServiceLib.Interface\ContractServiceLib.Interface.csproj", "{2FFCE3C2-574C-4A98-98A6-345A14FE704B}"
EndProject
Project("{2150E333-8FDC-42A3-9474-1A3956D46DE8}") = "Services", "Services", "{7991B8C2-B067-4012-A9D6-2E7D6BAD32F6}"
EndProject
Project("{FAE04EC0-301F-11D3-BF4B-00C04F79EFBC}") = "NotifyLogService", "NotifyLogService\NotifyLogService.csproj", "{B98D7E06-41DD-4F9C-9871-A40CC046640B}"
EndProject
Project("{2150E333-8FDC-42A3-9474-1A3956D46DE8}") = "HOST", "HOST", "{DFCF02BA-FC56-4402-BBEC-08E6225FDC96}"
EndProject
Project("{FAE04EC0-301F-11D3-BF4B-00C04F79EFBC}") = "ServicesHost", "ServicesHost\ServicesHost.csproj", "{B94F350F-55EC-4DAC-8BC3-4AAB732952C5}"
EndProject
Project("{FAE04EC0-301F-11D3-BF4B-00C04F79EFBC}") = "ServicesHostInIIS", "ServerHostInIIS\ServicesHostInIIS.csproj", "{EF2F67E6-3B37-47F1-9F28-7C4C332DD20A}"
EndProject
Project("{FAE04EC0-301F-11D3-BF4B-00C04F79EFBC}") = "NotifyWebService", "NotifyWebService\NotifyWebService.csproj", "{E17B9908-3624-4CBD-948A-B3F741AA82AF}"
EndProject
Project("{FAE04EC0-301F-11D3-BF4B-00C04F79EFBC}") = "ContractServiceLib.Common", "ContractServiceLib.Common\ContractServiceLib.Common.csproj", "{DEB1731B-9E57-4DD3-8BFF-A2113A15C083}"
EndProject
Project("{FAE04EC0-301F-11D3-BF4B-00C04F79EFBC}") = "WebServiceAgent", "WebServiceAgent\WebServiceAgent.csproj", "{B31E203A-0139-4342-BF28-D3B54A400986}"
EndProject
Project("{E24C65DC-7377-472B-9ABA-BC803B73C61A}") = "TestService", "F:\WebSites\TestService\", "{E8C8B689-7716-47AC-98BA-151B6762CCCF}"
	ProjectSection(WebsiteProperties) = preProject
		TargetFrameworkMoniker = ".NETFramework,Version%3Dv2.0"
		Debug.AspNetCompiler.VirtualPath = "/localhost_52020"
		Debug.AspNetCompiler.PhysicalPath = "F:\WebSites\TestService\"
		Debug.AspNetCompiler.TargetPath = "PrecompiledWeb\localhost_52020\"
		Debug.AspNetCompiler.Updateable = "true"
		Debug.AspNetCompiler.ForceOverwrite = "true"
		Debug.AspNetCompiler.FixedNames = "false"
		Debug.AspNetCompiler.Debug = "True"
		Release.AspNetCompiler.VirtualPath = "/localhost_52020"
		Release.AspNetCompiler.PhysicalPath = "F:\WebSites\TestService\"
		Release.AspNetCompiler.TargetPath = "PrecompiledWeb\localhost_52020\"
		Release.AspNetCompiler.Updateable = "true"
		Release.AspNetCompiler.ForceOverwrite = "true"
		Release.AspNetCompiler.FixedNames = "false"
		Release.AspNetCompiler.Debug = "False"
		VWDPort = "52020"
		SlnRelativePath = "F:\WebSites\TestService\"
		DefaultWebSiteLanguage = "Visual C#"
	EndProjectSection
EndProject
Global
	GlobalSection(SolutionConfigurationPlatforms) = preSolution
		Debug|Any CPU = Debug|Any CPU
		Release|Any CPU = Release|Any CPU
	EndGlobalSection
	GlobalSection(ProjectConfigurationPlatforms) = postSolution
		{FD767E0A-D500-4C15-8F81-8FBA1B1C7424}.Debug|Any CPU.ActiveCfg = Debug|Any CPU
		{FD767E0A-D500-4C15-8F81-8FBA1B1C7424}.Debug|Any CPU.Build.0 = Debug|Any CPU
		{FD767E0A-D500-4C15-8F81-8FBA1B1C7424}.Release|Any CPU.ActiveCfg = Release|Any CPU
		{FD767E0A-D500-4C15-8F81-8FBA1B1C7424}.Release|Any CPU.Build.0 = Release|Any CPU
		{C2EF8AE6-9879-40EF-B2EA-8974FE71EB03}.Debug|Any CPU.ActiveCfg = Debug|Any CPU
		{C2EF8AE6-9879-40EF-B2EA-8974FE71EB03}.Debug|Any CPU.Build.0 = Debug|Any CPU
		{C2EF8AE6-9879-40EF-B2EA-8974FE71EB03}.Release|Any CPU.ActiveCfg = Release|Any CPU
		{C2EF8AE6-9879-40EF-B2EA-8974FE71EB03}.Release|Any CPU.Build.0 = Release|Any CPU
		{ED572205-433B-4644-A4E5-A188FF879BC8}.Debug|Any CPU.ActiveCfg = Debug|Any CPU
		{ED572205-433B-4644-A4E5-A188FF879BC8}.Debug|Any CPU.Build.0 = Debug|Any CPU
		{ED572205-433B-4644-A4E5-A188FF879BC8}.Release|Any CPU.ActiveCfg = Release|Any CPU
		{ED572205-433B-4644-A4E5-A188FF879BC8}.Release|Any CPU.Build.0 = Release|Any CPU
		{5E459D7A-60D1-4325-A81C-DB8D35F819AC}.Debug|Any CPU.ActiveCfg = Debug|Any CPU
		{5E459D7A-60D1-4325-A81C-DB8D35F819AC}.Debug|Any CPU.Build.0 = Debug|Any CPU
		{5E459D7A-60D1-4325-A81C-DB8D35F819AC}.Release|Any CPU.ActiveCfg = Release|Any CPU
		{5E459D7A-60D1-4325-A81C-DB8D35F819AC}.Release|Any CPU.Build.0 = Release|Any CPU
		{274C78DC-F515-423B-94E0-1B481E740036}.Debug|Any CPU.ActiveCfg = Debug|Any CPU
		{274C78DC-F515-423B-94E0-1B481E740036}.Debug|Any CPU.Build.0 = Debug|Any CPU
		{274C78DC-F515-423B-94E0-1B481E740036}.Release|Any CPU.ActiveCfg = Release|Any CPU
		{274C78DC-F515-423B-94E0-1B481E740036}.Release|Any CPU.Build.0 = Release|Any CPU
		{F5DD748D-4749-4F08-8E81-CDCB07598052}.Debug|Any CPU.ActiveCfg = Debug|Any CPU
		{F5DD748D-4749-4F08-8E81-CDCB07598052}.Debug|Any CPU.Build.0 = Debug|Any CPU
		{F5DD748D-4749-4F08-8E81-CDCB07598052}.Release|Any CPU.ActiveCfg = Release|Any CPU
		{F5DD748D-4749-4F08-8E81-CDCB07598052}.Release|Any CPU.Build.0 = Release|Any CPU
		{1393B6A8-2100-40F0-B5F8-7FCD2CC3E8A4}.Debug|Any CPU.ActiveCfg = Debug|Any CPU
		{1393B6A8-2100-40F0-B5F8-7FCD2CC3E8A4}.Debug|Any CPU.Build.0 = Debug|Any CPU
		{1393B6A8-2100-40F0-B5F8-7FCD2CC3E8A4}.Release|Any CPU.ActiveCfg = Release|Any CPU
		{1393B6A8-2100-40F0-B5F8-7FCD2CC3E8A4}.Release|Any CPU.Build.0 = Release|Any CPU
		{0F1E167B-AF7A-4E39-9614-886905DF2D77}.Debug|Any CPU.ActiveCfg = Debug|Any CPU
		{0F1E167B-AF7A-4E39-9614-886905DF2D77}.Debug|Any CPU.Build.0 = Debug|Any CPU
		{0F1E167B-AF7A-4E39-9614-886905DF2D77}.Release|Any CPU.ActiveCfg = Release|Any CPU
		{0F1E167B-AF7A-4E39-9614-886905DF2D77}.Release|Any CPU.Build.0 = Release|Any CPU
		{637A7CDA-20FE-41F2-AA7D-730204A031C2}.Debug|Any CPU.ActiveCfg = Debug|Any CPU
		{637A7CDA-20FE-41F2-AA7D-730204A031C2}.Debug|Any CPU.Build.0 = Debug|Any CPU
		{637A7CDA-20FE-41F2-AA7D-730204A031C2}.Release|Any CPU.ActiveCfg = Release|Any CPU
		{637A7CDA-20FE-41F2-AA7D-730204A031C2}.Release|Any CPU.Build.0 = Release|Any CPU
		{78BDABE9-78B2-4C40-AF97-59BD93E2497D}.Debug|Any CPU.ActiveCfg = Debug|Any CPU
		{78BDABE9-78B2-4C40-AF97-59BD93E2497D}.Debug|Any CPU.Build.0 = Debug|Any CPU
		{78BDABE9-78B2-4C40-AF97-59BD93E2497D}.Release|Any CPU.ActiveCfg = Release|Any CPU
		{78BDABE9-78B2-4C40-AF97-59BD93E2497D}.Release|Any CPU.Build.0 = Release|Any CPU
		{CBA37AA4-A169-4EDB-8528-F3AA465BD6EC}.Debug|Any CPU.ActiveCfg = Debug|Any CPU
		{CBA37AA4-A169-4EDB-8528-F3AA465BD6EC}.Debug|Any CPU.Build.0 = Debug|Any CPU
		{CBA37AA4-A169-4EDB-8528-F3AA465BD6EC}.Release|Any CPU.ActiveCfg = Release|Any CPU
		{CBA37AA4-A169-4EDB-8528-F3AA465BD6EC}.Release|Any CPU.Build.0 = Release|Any CPU
		{36E1943F-A740-4E00-BC1B-05B5F88196F8}.Debug|Any CPU.ActiveCfg = Debug|Any CPU
		{36E1943F-A740-4E00-BC1B-05B5F88196F8}.Debug|Any CPU.Build.0 = Debug|Any CPU
		{36E1943F-A740-4E00-BC1B-05B5F88196F8}.Release|Any CPU.ActiveCfg = Release|Any CPU
		{36E1943F-A740-4E00-BC1B-05B5F88196F8}.Release|Any CPU.Build.0 = Release|Any CPU
		{2FFCE3C2-574C-4A98-98A6-345A14FE704B}.Debug|Any CPU.ActiveCfg = Debug|Any CPU
		{2FFCE3C2-574C-4A98-98A6-345A14FE704B}.Debug|Any CPU.Build.0 = Debug|Any CPU
		{2FFCE3C2-574C-4A98-98A6-345A14FE704B}.Release|Any CPU.ActiveCfg = Release|Any CPU
		{2FFCE3C2-574C-4A98-98A6-345A14FE704B}.Release|Any CPU.Build.0 = Release|Any CPU
		{B98D7E06-41DD-4F9C-9871-A40CC046640B}.Debug|Any CPU.ActiveCfg = Debug|Any CPU
		{B98D7E06-41DD-4F9C-9871-A40CC046640B}.Debug|Any CPU.Build.0 = Debug|Any CPU
		{B98D7E06-41DD-4F9C-9871-A40CC046640B}.Release|Any CPU.ActiveCfg = Release|Any CPU
		{B98D7E06-41DD-4F9C-9871-A40CC046640B}.Release|Any CPU.Build.0 = Release|Any CPU
		{B94F350F-55EC-4DAC-8BC3-4AAB732952C5}.Debug|Any CPU.ActiveCfg = Debug|Any CPU
		{B94F350F-55EC-4DAC-8BC3-4AAB732952C5}.Debug|Any CPU.Build.0 = Debug|Any CPU
		{B94F350F-55EC-4DAC-8BC3-4AAB732952C5}.Release|Any CPU.ActiveCfg = Release|Any CPU
		{B94F350F-55EC-4DAC-8BC3-4AAB732952C5}.Release|Any CPU.Build.0 = Release|Any CPU
		{EF2F67E6-3B37-47F1-9F28-7C4C332DD20A}.Debug|Any CPU.ActiveCfg = Debug|Any CPU
		{EF2F67E6-3B37-47F1-9F28-7C4C332DD20A}.Debug|Any CPU.Build.0 = Debug|Any CPU
		{EF2F67E6-3B37-47F1-9F28-7C4C332DD20A}.Release|Any CPU.ActiveCfg = Release|Any CPU
		{EF2F67E6-3B37-47F1-9F28-7C4C332DD20A}.Release|Any CPU.Build.0 = Release|Any CPU
		{E17B9908-3624-4CBD-948A-B3F741AA82AF}.Debug|Any CPU.ActiveCfg = Debug|Any CPU
		{E17B9908-3624-4CBD-948A-B3F741AA82AF}.Debug|Any CPU.Build.0 = Debug|Any CPU
		{E17B9908-3624-4CBD-948A-B3F741AA82AF}.Release|Any CPU.ActiveCfg = Release|Any CPU
		{E17B9908-3624-4CBD-948A-B3F741AA82AF}.Release|Any CPU.Build.0 = Release|Any CPU
		{DEB1731B-9E57-4DD3-8BFF-A2113A15C083}.Debug|Any CPU.ActiveCfg = Debug|Any CPU
		{DEB1731B-9E57-4DD3-8BFF-A2113A15C083}.Debug|Any CPU.Build.0 = Debug|Any CPU
		{DEB1731B-9E57-4DD3-8BFF-A2113A15C083}.Release|Any CPU.ActiveCfg = Release|Any CPU
		{DEB1731B-9E57-4DD3-8BFF-A2113A15C083}.Release|Any CPU.Build.0 = Release|Any CPU
		{B31E203A-0139-4342-BF28-D3B54A400986}.Debug|Any CPU.ActiveCfg = Debug|Any CPU
		{B31E203A-0139-4342-BF28-D3B54A400986}.Debug|Any CPU.Build.0 = Debug|Any CPU
		{B31E203A-0139-4342-BF28-D3B54A400986}.Release|Any CPU.ActiveCfg = Release|Any CPU
		{B31E203A-0139-4342-BF28-D3B54A400986}.Release|Any CPU.Build.0 = Release|Any CPU
		{E8C8B689-7716-47AC-98BA-151B6762CCCF}.Debug|Any CPU.ActiveCfg = Debug|Any CPU
		{E8C8B689-7716-47AC-98BA-151B6762CCCF}.Debug|Any CPU.Build.0 = Debug|Any CPU
		{E8C8B689-7716-47AC-98BA-151B6762CCCF}.Release|Any CPU.ActiveCfg = Debug|Any CPU
		{E8C8B689-7716-47AC-98BA-151B6762CCCF}.Release|Any CPU.Build.0 = Debug|Any CPU
	EndGlobalSection
	GlobalSection(SolutionProperties) = preSolution
		HideSolutionNode = FALSE
	EndGlobalSection
	GlobalSection(NestedProjects) = preSolution
		{2FFCE3C2-574C-4A98-98A6-345A14FE704B} = {D6D9A305-DA7E-4282-8843-F38EFB2D74D6}
		{B98D7E06-41DD-4F9C-9871-A40CC046640B} = {7991B8C2-B067-4012-A9D6-2E7D6BAD32F6}
		{B94F350F-55EC-4DAC-8BC3-4AAB732952C5} = {DFCF02BA-FC56-4402-BBEC-08E6225FDC96}
		{EF2F67E6-3B37-47F1-9F28-7C4C332DD20A} = {DFCF02BA-FC56-4402-BBEC-08E6225FDC96}
		{E17B9908-3624-4CBD-948A-B3F741AA82AF} = {7991B8C2-B067-4012-A9D6-2E7D6BAD32F6}
		{DEB1731B-9E57-4DD3-8BFF-A2113A15C083} = {D6D9A305-DA7E-4282-8843-F38EFB2D74D6}
		{B31E203A-0139-4342-BF28-D3B54A400986} = {7991B8C2-B067-4012-A9D6-2E7D6BAD32F6}
	EndGlobalSection
EndGlobal
